
Microsoft Visual Studio Solution File, Format Version 12.00
# Visual Studio Version 16
VisualStudioVersion = 16.0.29509.3
MinimumVisualStudioVersion = 10.0.40219.1
Project("{8BC9CEB8-8B4A-11D0-8D11-00A0C91BC942}") = "ShotGame", "ShotGame.vcxproj", "{F7F6DA0C-99A9-4457-94C8-9023DA6D9CDE}"
EndProject
Global
	GlobalSection(SolutionConfigurationPlatforms) = preSolution
		Debug|x64 = Debug|x64
		Debug|x86 = Debug|x86
		Release|x64 = Release|x64
		Release|x86 = Release|x86
	EndGlobalSection
	GlobalSection(ProjectConfigurationPlatforms) = postSolution
		{F7F6DA0C-99A9-4457-94C8-9023DA6D9CDE}.Debug|x64.ActiveCfg = Debug|x64
		{F7F6DA0C-99A9-4457-94C8-9023DA6D9CDE}.Debug|x64.Build.0 = Debug|x64
		{F7F6DA0C-99A9-4457-94C8-9023DA6D9CDE}.Debug|x86.ActiveCfg = Debug|Win32
		{F7F6DA0C-99A9-4457-94C8-9023DA6D9CDE}.Debug|x86.Build.0 = Debug|Win32
		{F7F6DA0C-99A9-4457-94C8-9023DA6D9CDE}.Release|x64.ActiveCfg = Release|x64
		{F7F6DA0C-99A9-4457-94C8-9023DA6D9CDE}.Release|x64.Build.0 = Release|x64
		{F7F6DA0C-99A9-4457-94C8-9023DA6D9CDE}.Release|x86.ActiveCfg = Release|Win32
		{F7F6DA0C-99A9-4457-94C8-9023DA6D9CDE}.Release|x86.Build.0 = Release|Win32
	EndGlobalSection
	GlobalSection(SolutionProperties) = preSolution
		HideSolutionNode = FALSE
	EndGlobalSection
	GlobalSection(ExtensibilityGlobals) = postSolution
		SolutionGuid = {DCD95D12-57EC-4BD3-B5E5-8A03A873797A}
	EndGlobalSection
EndGlobal
